<?xml version="1.0" encoding="utf-8"?>
<Project ToolsVersion="4.0" xmlns="http://schemas.microsoft.com/developer/msbuild/2003">
  <ItemGroup>
    <ClCompile Include="bit_memory_stream.cc">
      <Filter>Source Files</Filter>
    </ClCompile>
    <ClCompile Include="bit_value.cc">
      <Filter>Source Files</Filter>
    </ClCompile>
    <ClCompile Include="channel.cc">
      <Filter>Source Files</Filter>
    </ClCompile>
    <ClCompile Include="conversion.cc">
      <Filter>Source Files</Filter>
    </ClCompile>
    <ClCompile Include="DSP.cc">
      <Filter>Source Files</Filter>
    </ClCompile>
    <ClCompile Include="effect.cc">
      <Filter>Source Files</Filter>
    </ClCompile>
    <ClCompile Include="envelope.cc">
      <Filter>Source Files</Filter>
    </ClCompile>
    <ClCompile Include="math.cc">
      <Filter>Source Files</Filter>
    </ClCompile>
    <ClCompile Include="mod_finetune.cc">
      <Filter>Source Files</Filter>
    </ClCompile>
    <ClCompile Include="module.cc">
      <Filter>Source Files</Filter>
    </ClCompile>
    <ClCompile Include="MultiPLAY.cc">
      <Filter>Source Files</Filter>
    </ClCompile>
    <ClCompile Include="notes.cc">
      <Filter>Source Files</Filter>
    </ClCompile>
    <ClCompile Include="one_sample.cc">
      <Filter>Source Files</Filter>
    </ClCompile>
    <ClCompile Include="Output-DirectX.cc">
      <Filter>Source Files</Filter>
    </ClCompile>
    <ClCompile Include="pattern.cc">
      <Filter>Source Files</Filter>
    </ClCompile>
    <ClCompile Include="Profile.cc">
      <Filter>Source Files</Filter>
    </ClCompile>
    <ClCompile Include="progress.cc">
      <Filter>Source Files</Filter>
    </ClCompile>
    <ClCompile Include="sample.cc">
      <Filter>Source Files</Filter>
    </ClCompile>
    <ClCompile Include="sample_builtintype.cc">
      <Filter>Source Files</Filter>
    </ClCompile>
    <ClCompile Include="sample_instrument.cc">
      <Filter>Source Files</Filter>
    </ClCompile>
    <ClCompile Include="uLaw-aLaw.cc">
      <Filter>Source Files</Filter>
    </ClCompile>
    <ClCompile Include="wave_file.cc">
      <Filter>Source Files</Filter>
    </ClCompile>
    <ClCompile Include="win32_break_handler.cc">
      <Filter>Source Files</Filter>
    </ClCompile>
    <ClCompile Include="Load_IT.cc">
      <Filter>Source Files\Loaders</Filter>
    </ClCompile>
    <ClCompile Include="Load_MOD.cc">
      <Filter>Source Files\Loaders</Filter>
    </ClCompile>
    <ClCompile Include="Load_MTM.cc">
      <Filter>Source Files\Loaders</Filter>
    </ClCompile>
    <ClCompile Include="Load_S3M.cc">
      <Filter>Source Files\Loaders</Filter>
    </ClCompile>
    <ClCompile Include="Load_Sample.cc">
      <Filter>Source Files\Loaders</Filter>
    </ClCompile>
    <ClCompile Include="Load_UMX.cc">
      <Filter>Source Files\Loaders</Filter>
    </ClCompile>
    <ClCompile Include="Load_XM.cc">
      <Filter>Source Files\Loaders</Filter>
    </ClCompile>
    <ClCompile Include="Channel_DYNAMIC.cc">
      <Filter>Source Files\Channels</Filter>
    </ClCompile>
    <ClCompile Include="Channel_MODULE.cc">
      <Filter>Source Files\Channels</Filter>
    </ClCompile>
    <ClCompile Include="Channel_PLAY.cc">
      <Filter>Source Files\Channels</Filter>
    </ClCompile>
    <ClCompile Include="Output-SDL.cc">
      <Filter>Source Files\Output</Filter>
    </ClCompile>
  </ItemGroup>
  <ItemGroup>
    <Filter Include="Source Files">
      <UniqueIdentifier>{0baff2bf-6a7d-4f15-9c13-e9760a8426e7}</UniqueIdentifier>
    </Filter>
    <Filter Include="Source Files\Loaders">
      <UniqueIdentifier>{99db57bf-bf97-4f12-89c7-bd727e1eb600}</UniqueIdentifier>
    </Filter>
    <Filter Include="Source Files\Output">
      <UniqueIdentifier>{e7d21a5d-90ef-41ae-8d22-391106275fff}</UniqueIdentifier>
    </Filter>
    <Filter Include="Source Files\Channels">
      <UniqueIdentifier>{f4fce75f-4e1f-4782-9b9c-966aa1ecbbf8}</UniqueIdentifier>
    </Filter>
    <Filter Include="Header Files">
      <UniqueIdentifier>{07868b20-dc66-41fc-81a6-c1b36fce7c30}</UniqueIdentifier>
    </Filter>
    <Filter Include="Header Files\Output">
      <UniqueIdentifier>{ac8dbd14-1eb1-420f-a5de-a95784b6ddf3}</UniqueIdentifier>
    </Filter>
    <Filter Include="Header Files\Channels">
      <UniqueIdentifier>{882150a5-3ba5-4e75-83f1-2714f911b16d}</UniqueIdentifier>
    </Filter>
    <Filter Include="Header Files\Loaders">
      <UniqueIdentifier>{61bec8e3-b6b2-4fb5-bf7f-d9cfa0b0e20e}</UniqueIdentifier>
    </Filter>
  </ItemGroup>
  <ItemGroup>
    <ClInclude Include="bit_memory_stream.h">
      <Filter>Header Files</Filter>
    </ClInclude>
    <ClInclude Include="bit_value.h">
      <Filter>Header Files</Filter>
    </ClInclude>
    <ClInclude Include="break_handler.h">
      <Filter>Header Files</Filter>
    </ClInclude>
    <ClInclude Include="channel.h">
      <Filter>Header Files</Filter>
    </ClInclude>
    <ClInclude Include="conversion.h">
      <Filter>Header Files</Filter>
    </ClInclude>
    <ClInclude Include="DSP.h">
      <Filter>Header Files</Filter>
    </ClInclude>
    <ClInclude Include="effect.h">
      <Filter>Header Files</Filter>
    </ClInclude>
    <ClInclude Include="envelope.h">
      <Filter>Header Files</Filter>
    </ClInclude>
    <ClInclude Include="math.h">
      <Filter>Header Files</Filter>
    </ClInclude>
    <ClInclude Include="mod_finetune.h">
      <Filter>Header Files</Filter>
    </ClInclude>
    <ClInclude Include="module.h">
      <Filter>Header Files</Filter>
    </ClInclude>
    <ClInclude Include="MultiPLAY.h">
      <Filter>Header Files</Filter>
    </ClInclude>
    <ClInclude Include="notes.h">
      <Filter>Header Files</Filter>
    </ClInclude>
    <ClInclude Include="one_sample.h">
      <Filter>Header Files</Filter>
    </ClInclude>
    <ClInclude Include="pattern.h">
      <Filter>Header Files</Filter>
    </ClInclude>
    <ClInclude Include="Profile.h">
      <Filter>Header Files</Filter>
    </ClInclude>
    <ClInclude Include="progress.h">
      <Filter>Header Files</Filter>
    </ClInclude>
    <ClInclude Include="RAII.h">
      <Filter>Header Files</Filter>
    </ClInclude>
    <ClInclude Include="sample.h">
      <Filter>Header Files</Filter>
    </ClInclude>
    <ClInclude Include="sample_builtintype.h">
      <Filter>Header Files</Filter>
    </ClInclude>
    <ClInclude Include="sample_instrument.h">
      <Filter>Header Files</Filter>
    </ClInclude>
    <ClInclude Include="uLaw-aLaw.h">
      <Filter>Header Files</Filter>
    </ClInclude>
    <ClInclude Include="wave_file.h">
      <Filter>Header Files</Filter>
    </ClInclude>
    <ClInclude Include="Channel_DYNAMIC.h">
      <Filter>Header Files\Channels</Filter>
    </ClInclude>
    <ClInclude Include="Channel_MODULE.h">
      <Filter>Header Files\Channels</Filter>
    </ClInclude>
    <ClInclude Include="Channel_NIHONGOBANGOO.h">
      <Filter>Header Files\Channels</Filter>
    </ClInclude>
    <ClInclude Include="Channel_PLAY.h">
      <Filter>Header Files\Channels</Filter>
    </ClInclude>
    <ClInclude Include="Load_IT.h">
      <Filter>Header Files\Loaders</Filter>
    </ClInclude>
    <ClInclude Include="Load_MOD.h">
      <Filter>Header Files\Loaders</Filter>
    </ClInclude>
    <ClInclude Include="Load_MTM.h">
      <Filter>Header Files\Loaders</Filter>
    </ClInclude>
    <ClInclude Include="Load_S3M.h">
      <Filter>Header Files\Loaders</Filter>
    </ClInclude>
    <ClInclude Include="Load_Sample.h">
      <Filter>Header Files\Loaders</Filter>
    </ClInclude>
    <ClInclude Include="Load_UMX.h">
      <Filter>Header Files\Loaders</Filter>
    </ClInclude>
    <ClInclude Include="Load_XM.h">
      <Filter>Header Files\Loaders</Filter>
    </ClInclude>
    <ClInclude Include="Output-DirectX.h">
      <Filter>Header Files\Output</Filter>
    </ClInclude>
    <ClInclude Include="Output-SDL.h">
      <Filter>Header Files\Output</Filter>
    </ClInclude>
  </ItemGroup>
</Project>